
Microsoft Visual Studio Solution File, Format Version 12.00
# Visual Studio Version 16
VisualStudioVersion = 16.0.30804.86
MinimumVisualStudioVersion = 10.0.40219.1
Project("{FAE04EC0-301F-11D3-BF4B-00C04F79EFBC}") = "GraphQLDotNet.Api", "GraphQLDotNet.Api\GraphQLDotNet.Api.csproj", "{E3090769-7E30-49F4-A012-A181259255B0}"
EndProject
Global
	GlobalSection(SolutionConfigurationPlatforms) = preSolution
		Debug|Any CPU = Debug|Any CPU
		Release|Any CPU = Release|Any CPU
	EndGlobalSection
	GlobalSection(ProjectConfigurationPlatforms) = postSolution
		{E3090769-7E30-49F4-A012-A181259255B0}.Debug|Any CPU.ActiveCfg = Debug|Any CPU
		{E3090769-7E30-49F4-A012-A181259255B0}.Debug|Any CPU.Build.0 = Debug|Any CPU
		{E3090769-7E30-49F4-A012-A181259255B0}.Release|Any CPU.ActiveCfg = Release|Any CPU
		{E3090769-7E30-49F4-A012-A181259255B0}.Release|Any CPU.Build.0 = Release|Any CPU
	EndGlobalSection
	GlobalSection(SolutionProperties) = preSolution
		HideSolutionNode = FALSE
	EndGlobalSection
	GlobalSection(ExtensibilityGlobals) = postSolution
		SolutionGuid = {980A1F13-8058-4DAC-ACE5-CCEC6FE5719B}
	EndGlobalSection
EndGlobal
