
Microsoft Visual Studio Solution File, Format Version 12.00
# Visual Studio Version 16
VisualStudioVersion = 16.0.30804.86
MinimumVisualStudioVersion = 10.0.40219.1
Project("{9A19103F-16F7-4668-BE54-9A1E7A4F7556}") = "GraphQLDotNet.Api", "GraphQLDotNet.Api\GraphQLDotNet.Api.csproj", "{E3090769-7E30-49F4-A012-A181259255B0}"
EndProject
Project("{9A19103F-16F7-4668-BE54-9A1E7A4F7556}") = "GraphQLDotNet.Data", "GraphQLDotNet.Data\GraphQLDotNet.Data.csproj", "{F5E5A54A-8665-4461-B8BE-9D047ACC58DD}"
EndProject
Project("{2150E333-8FDC-42A3-9474-1A3956D46DE8}") = "Solution Items", "Solution Items", "{722565F3-4889-4EA3-A6FB-7624A44468A9}"
	ProjectSection(SolutionItems) = preProject
		.editorconfig = .editorconfig
		.gitignore = .gitignore
		README.md = README.md
	EndProjectSection
EndProject
Project("{FAE04EC0-301F-11D3-BF4B-00C04F79EFBC}") = "GraphQLDotNet.Services", "GraphQLDotNet.Services\GraphQLDotNet.Services.csproj", "{0AF91CD7-D795-41DC-B6A1-45CF036767E4}"
EndProject
Global
	GlobalSection(SolutionConfigurationPlatforms) = preSolution
		Debug|Any CPU = Debug|Any CPU
		Release|Any CPU = Release|Any CPU
	EndGlobalSection
	GlobalSection(ProjectConfigurationPlatforms) = postSolution
		{E3090769-7E30-49F4-A012-A181259255B0}.Debug|Any CPU.ActiveCfg = Debug|Any CPU
		{E3090769-7E30-49F4-A012-A181259255B0}.Debug|Any CPU.Build.0 = Debug|Any CPU
		{E3090769-7E30-49F4-A012-A181259255B0}.Release|Any CPU.ActiveCfg = Release|Any CPU
		{E3090769-7E30-49F4-A012-A181259255B0}.Release|Any CPU.Build.0 = Release|Any CPU
		{F5E5A54A-8665-4461-B8BE-9D047ACC58DD}.Debug|Any CPU.ActiveCfg = Debug|Any CPU
		{F5E5A54A-8665-4461-B8BE-9D047ACC58DD}.Debug|Any CPU.Build.0 = Debug|Any CPU
		{F5E5A54A-8665-4461-B8BE-9D047ACC58DD}.Release|Any CPU.ActiveCfg = Release|Any CPU
		{F5E5A54A-8665-4461-B8BE-9D047ACC58DD}.Release|Any CPU.Build.0 = Release|Any CPU
		{0AF91CD7-D795-41DC-B6A1-45CF036767E4}.Debug|Any CPU.ActiveCfg = Debug|Any CPU
		{0AF91CD7-D795-41DC-B6A1-45CF036767E4}.Debug|Any CPU.Build.0 = Debug|Any CPU
		{0AF91CD7-D795-41DC-B6A1-45CF036767E4}.Release|Any CPU.ActiveCfg = Release|Any CPU
		{0AF91CD7-D795-41DC-B6A1-45CF036767E4}.Release|Any CPU.Build.0 = Release|Any CPU
	EndGlobalSection
	GlobalSection(SolutionProperties) = preSolution
		HideSolutionNode = FALSE
	EndGlobalSection
	GlobalSection(ExtensibilityGlobals) = postSolution
		SolutionGuid = {980A1F13-8058-4DAC-ACE5-CCEC6FE5719B}
	EndGlobalSection
EndGlobal
